
Microsoft Visual Studio Solution File, Format Version 12.00
Project("{FAE04EC0-301F-11D3-BF4B-00C04F79EFBC}") = "Internal.KafkaProducer.Desktop", "Internal.KafkaProducer.Desktop\Internal.KafkaProducer.Desktop.csproj", "{8A31E78C-8B52-4517-99F7-71A3F7F3ACDA}"
EndProject
Project("{FAE04EC0-301F-11D3-BF4B-00C04F79EFBC}") = "Internal.KafkaProducer.Core", "Internal.KafkaProducer.Core\Internal.KafkaProducer.Core.csproj", "{A9263766-D4E9-4364-8125-2EAE8B67692D}"
EndProject
Project("{FAE04EC0-301F-11D3-BF4B-00C04F79EFBC}") = "Internal.KafkaProducer.Infrastructure", "Internal.KafkaProducer.Infrastructure\Internal.KafkaProducer.Infrastructure.csproj", "{AE1692C0-6D52-41A9-9D08-66F0A1A35A74}"
EndProject
Project("{FAE04EC0-301F-11D3-BF4B-00C04F79EFBC}") = "Internal.KafkaProducer.Domain", "Internal.KafkaProducer.Domain\Internal.KafkaProducer.Domain.csproj", "{85CF5C23-FE1F-44C0-AAC3-0DADB3878F05}"
EndProject
Global
	GlobalSection(SolutionConfigurationPlatforms) = preSolution
		Debug|Any CPU = Debug|Any CPU
		Release|Any CPU = Release|Any CPU
	EndGlobalSection
	GlobalSection(ProjectConfigurationPlatforms) = postSolution
		{8A31E78C-8B52-4517-99F7-71A3F7F3ACDA}.Debug|Any CPU.ActiveCfg = Debug|Any CPU
		{8A31E78C-8B52-4517-99F7-71A3F7F3ACDA}.Debug|Any CPU.Build.0 = Debug|Any CPU
		{8A31E78C-8B52-4517-99F7-71A3F7F3ACDA}.Release|Any CPU.ActiveCfg = Release|Any CPU
		{8A31E78C-8B52-4517-99F7-71A3F7F3ACDA}.Release|Any CPU.Build.0 = Release|Any CPU
		{A9263766-D4E9-4364-8125-2EAE8B67692D}.Debug|Any CPU.ActiveCfg = Debug|Any CPU
		{A9263766-D4E9-4364-8125-2EAE8B67692D}.Debug|Any CPU.Build.0 = Debug|Any CPU
		{A9263766-D4E9-4364-8125-2EAE8B67692D}.Release|Any CPU.ActiveCfg = Release|Any CPU
		{A9263766-D4E9-4364-8125-2EAE8B67692D}.Release|Any CPU.Build.0 = Release|Any CPU
		{AE1692C0-6D52-41A9-9D08-66F0A1A35A74}.Debug|Any CPU.ActiveCfg = Debug|Any CPU
		{AE1692C0-6D52-41A9-9D08-66F0A1A35A74}.Debug|Any CPU.Build.0 = Debug|Any CPU
		{AE1692C0-6D52-41A9-9D08-66F0A1A35A74}.Release|Any CPU.ActiveCfg = Release|Any CPU
		{AE1692C0-6D52-41A9-9D08-66F0A1A35A74}.Release|Any CPU.Build.0 = Release|Any CPU
		{85CF5C23-FE1F-44C0-AAC3-0DADB3878F05}.Debug|Any CPU.ActiveCfg = Debug|Any CPU
		{85CF5C23-FE1F-44C0-AAC3-0DADB3878F05}.Debug|Any CPU.Build.0 = Debug|Any CPU
		{85CF5C23-FE1F-44C0-AAC3-0DADB3878F05}.Release|Any CPU.ActiveCfg = Release|Any CPU
		{85CF5C23-FE1F-44C0-AAC3-0DADB3878F05}.Release|Any CPU.Build.0 = Release|Any CPU
	EndGlobalSection
EndGlobal
